
Microsoft Visual Studio Solution File, Format Version 12.00
# Visual Studio Version 16
VisualStudioVersion = 16.0.31025.194
MinimumVisualStudioVersion = 10.0.40219.1
Project("{FAE04EC0-301F-11D3-BF4B-00C04F79EFBC}") = "FlatEx", "FlatEx\FlatEx.csproj", "{EA374225-8720-4246-95B5-FFE75DC6380A}"
EndProject
Project("{FAE04EC0-301F-11D3-BF4B-00C04F79EFBC}") = "DBRepository", "DBRepository\DBRepository.csproj", "{28DE8918-031C-4442-BEEF-F235FCF023BD}"
EndProject
Project("{FAE04EC0-301F-11D3-BF4B-00C04F79EFBC}") = "Models", "Models\Models.csproj", "{67ADCCFE-AC96-4ED5-AB84-D66A6834AA7B}"
EndProject
Global
	GlobalSection(SolutionConfigurationPlatforms) = preSolution
		Debug|Any CPU = Debug|Any CPU
		Release|Any CPU = Release|Any CPU
	EndGlobalSection
	GlobalSection(ProjectConfigurationPlatforms) = postSolution
		{EA374225-8720-4246-95B5-FFE75DC6380A}.Debug|Any CPU.ActiveCfg = Debug|Any CPU
		{EA374225-8720-4246-95B5-FFE75DC6380A}.Debug|Any CPU.Build.0 = Debug|Any CPU
		{EA374225-8720-4246-95B5-FFE75DC6380A}.Release|Any CPU.ActiveCfg = Release|Any CPU
		{EA374225-8720-4246-95B5-FFE75DC6380A}.Release|Any CPU.Build.0 = Release|Any CPU
		{28DE8918-031C-4442-BEEF-F235FCF023BD}.Debug|Any CPU.ActiveCfg = Debug|Any CPU
		{28DE8918-031C-4442-BEEF-F235FCF023BD}.Debug|Any CPU.Build.0 = Debug|Any CPU
		{28DE8918-031C-4442-BEEF-F235FCF023BD}.Release|Any CPU.ActiveCfg = Release|Any CPU
		{28DE8918-031C-4442-BEEF-F235FCF023BD}.Release|Any CPU.Build.0 = Release|Any CPU
		{67ADCCFE-AC96-4ED5-AB84-D66A6834AA7B}.Debug|Any CPU.ActiveCfg = Debug|Any CPU
		{67ADCCFE-AC96-4ED5-AB84-D66A6834AA7B}.Debug|Any CPU.Build.0 = Debug|Any CPU
		{67ADCCFE-AC96-4ED5-AB84-D66A6834AA7B}.Release|Any CPU.ActiveCfg = Release|Any CPU
		{67ADCCFE-AC96-4ED5-AB84-D66A6834AA7B}.Release|Any CPU.Build.0 = Release|Any CPU
	EndGlobalSection
	GlobalSection(SolutionProperties) = preSolution
		HideSolutionNode = FALSE
	EndGlobalSection
	GlobalSection(ExtensibilityGlobals) = postSolution
		SolutionGuid = {8A3738E6-7C6B-4A66-851D-C7747EF619EF}
	EndGlobalSection
EndGlobal
